<?xml version="1.0" encoding="UTF-8" standalone="yes" ?>
<CodeBlocks_project_file>
	<FileVersion major="1" minor="6" />
	<Project>
		<Option title="Logcollect" />
		<Option pch_mode="2" />
		<Option compiler="gcc" />
		<Build>
			<Script file="lib_finder.script" />
			<Target title="Debug">
				<Option output="bin/Debug/Logcollect" prefix_auto="1" extension_auto="1" />
				<Option object_output="obj/Debug/" />
				<Option type="1" />
				<Option compiler="gcc" />
				<Compiler>
					<Add option="-g" />
					<Add directory="logcollect" />
				</Compiler>
			</Target>
			<Target title="Release">
				<Option output="bin/Release/Logcollect" prefix_auto="1" extension_auto="1" />
				<Option object_output="obj/Release/" />
				<Option type="1" />
				<Option compiler="gcc" />
				<Compiler>
					<Add option="-O2" />
				</Compiler>
				<Linker>
					<Add option="-s" />
				</Linker>
			</Target>
		</Build>
		<Compiler>
			<Add option="-Wall" />
		</Compiler>
		<Unit filename="logcollect/Logcollect.h" />
		<Unit filename="logcollect/Logcollect_config.h" />
		<Unit filename="logcollect/Logcollect_type.h" />
		<Unit filename="logcollect/broker.c">
			<Option compilerVar="CC" />
		</Unit>
		<Unit filename="logcollect/indexer.c">
			<Option compilerVar="CC" />
		</Unit>
		<Unit filename="logcollect/shipper.c">
			<Option compilerVar="CC" />
		</Unit>
		<Unit filename="logcollect/strlcpy.c">
			<Option compilerVar="CC" />
		</Unit>
		<Unit filename="main.c">
			<Option compilerVar="CC" />
		</Unit>
		<Extensions>
			<code_completion>
				<search_path add="D:\ForSelf\CodeBlocks\Logcollect\logcollect" />
			</code_completion>
			<envvars />
			<debugger>
				<search_path add="D:\ForSelf\CodeBlocks\Logcollect\logcollect" />
			</debugger>
		</Extensions>
	</Project>
</CodeBlocks_project_file>
